
Microsoft Visual Studio Solution File, Format Version 12.00
# Visual Studio Version 17
VisualStudioVersion = 17.10.35027.167
MinimumVisualStudioVersion = 10.0.40219.1
Project("{FAE04EC0-301F-11D3-BF4B-00C04F79EFBC}") = "WindowsFormsGeo", "WindowsFormsGeo\WindowsFormsGeo.csproj", "{5932052A-46CE-496F-A030-1125B33A1BF0}"
EndProject
Global
	GlobalSection(SolutionConfigurationPlatforms) = preSolution
		Debug|Any CPU = Debug|Any CPU
		Release|Any CPU = Release|Any CPU
	EndGlobalSection
	GlobalSection(ProjectConfigurationPlatforms) = postSolution
		{5932052A-46CE-496F-A030-1125B33A1BF0}.Debug|Any CPU.ActiveCfg = Debug|Any CPU
		{5932052A-46CE-496F-A030-1125B33A1BF0}.Debug|Any CPU.Build.0 = Debug|Any CPU
		{5932052A-46CE-496F-A030-1125B33A1BF0}.Release|Any CPU.ActiveCfg = Release|Any CPU
		{5932052A-46CE-496F-A030-1125B33A1BF0}.Release|Any CPU.Build.0 = Release|Any CPU
	EndGlobalSection
	GlobalSection(SolutionProperties) = preSolution
		HideSolutionNode = FALSE
	EndGlobalSection
	GlobalSection(ExtensibilityGlobals) = postSolution
		SolutionGuid = {3F2BC934-6B36-415F-B889-639979EA1789}
	EndGlobalSection
EndGlobal
